
Microsoft Visual Studio Solution File, Format Version 12.00
# Visual Studio Version 16
VisualStudioVersion = 16.0.30517.126
MinimumVisualStudioVersion = 10.0.40219.1
Project("{9A19103F-16F7-4668-BE54-9A1E7A4F7556}") = "Determination", "Determination\Determination.csproj", "{652EEB0A-E1C2-47FF-85A9-8B79AD3F8519}"
EndProject
Project("{9A19103F-16F7-4668-BE54-9A1E7A4F7556}") = "Determination.Tests", "Determination.Tests\Determination.Tests.csproj", "{69C2046D-4BB5-46F5-A7ED-40F71B13B8EA}"
EndProject
Project("{FAE04EC0-301F-11D3-BF4B-00C04F79EFBC}") = "Determination.Demo", "Determination.Demo\Determination.Demo.csproj", "{02D558C0-71F9-4652-B428-2162C92C66EC}"
EndProject
Global
	GlobalSection(SolutionConfigurationPlatforms) = preSolution
		Debug|Any CPU = Debug|Any CPU
		Release|Any CPU = Release|Any CPU
	EndGlobalSection
	GlobalSection(ProjectConfigurationPlatforms) = postSolution
		{652EEB0A-E1C2-47FF-85A9-8B79AD3F8519}.Debug|Any CPU.ActiveCfg = Debug|Any CPU
		{652EEB0A-E1C2-47FF-85A9-8B79AD3F8519}.Debug|Any CPU.Build.0 = Debug|Any CPU
		{652EEB0A-E1C2-47FF-85A9-8B79AD3F8519}.Release|Any CPU.ActiveCfg = Release|Any CPU
		{652EEB0A-E1C2-47FF-85A9-8B79AD3F8519}.Release|Any CPU.Build.0 = Release|Any CPU
		{69C2046D-4BB5-46F5-A7ED-40F71B13B8EA}.Debug|Any CPU.ActiveCfg = Debug|Any CPU
		{69C2046D-4BB5-46F5-A7ED-40F71B13B8EA}.Debug|Any CPU.Build.0 = Debug|Any CPU
		{69C2046D-4BB5-46F5-A7ED-40F71B13B8EA}.Release|Any CPU.ActiveCfg = Release|Any CPU
		{69C2046D-4BB5-46F5-A7ED-40F71B13B8EA}.Release|Any CPU.Build.0 = Release|Any CPU
		{02D558C0-71F9-4652-B428-2162C92C66EC}.Debug|Any CPU.ActiveCfg = Debug|Any CPU
		{02D558C0-71F9-4652-B428-2162C92C66EC}.Debug|Any CPU.Build.0 = Debug|Any CPU
		{02D558C0-71F9-4652-B428-2162C92C66EC}.Release|Any CPU.ActiveCfg = Release|Any CPU
		{02D558C0-71F9-4652-B428-2162C92C66EC}.Release|Any CPU.Build.0 = Release|Any CPU
	EndGlobalSection
	GlobalSection(SolutionProperties) = preSolution
		HideSolutionNode = FALSE
	EndGlobalSection
	GlobalSection(ExtensibilityGlobals) = postSolution
		SolutionGuid = {DE83B6CD-8B0E-4672-9752-38B48BE17BC5}
	EndGlobalSection
EndGlobal
